
Microsoft Visual Studio Solution File, Format Version 12.00
# Visual Studio Version 16
VisualStudioVersion = 16.0.29102.190
MinimumVisualStudioVersion = 10.0.40219.1
Project("{FAE04EC0-301F-11D3-BF4B-00C04F79EFBC}") = "NameIt.Forms", "NameIt.Forms\NameIt.Forms.csproj", "{BF672252-F949-40BC-B855-249108D252D9}"
EndProject
Project("{FAE04EC0-301F-11D3-BF4B-00C04F79EFBC}") = "NameIt.Skia.WPF", "NameIt.Skia.WPF\NameIt.Skia.WPF.csproj", "{F387538F-8F43-430A-9E1D-1D6BF93490B7}"
EndProject
Project("{FAE04EC0-301F-11D3-BF4B-00C04F79EFBC}") = "NameIt.Skia.Wpf.Host", "NameIt.Skia.WPF.Host\NameIt.Skia.Wpf.Host.csproj", "{8809C52C-F0B8-4D66-9CAA-0442B243F4EA}"
EndProject
Project("{FAE04EC0-301F-11D3-BF4B-00C04F79EFBC}") = "NameIt.Uwp", "NameIt.UWP\NameIt.Uwp.csproj", "{AD7718D0-5C74-42F8-AB4C-49CDB8C7BF66}"
EndProject
Project("{FAE04EC0-301F-11D3-BF4B-00C04F79EFBC}") = "NameIt.Wasm", "NameIt.Wasm\NameIt.Wasm.csproj", "{BA91C517-A860-459C-BC74-77106A9B8324}"
EndProject
Project("{FAE04EC0-301F-11D3-BF4B-00C04F79EFBC}") = "NameIt.Windows.Desktop", "NameIt.Windows.Desktop\NameIt.Windows.Desktop.csproj", "{0B9974CB-C1EF-4B7C-9F5C-59AE4F455BAB}"
EndProject
Project("{D954291E-2A0B-460D-934E-DC6B0785DB48}") = "NameIt.Shared", "NameIt.Shared\NameIt.Shared.shproj", "{6279C845-92F8-4333-AB99-3D213163593C}"
EndProject
Project("{2150E333-8FDC-42A3-9474-1A3956D46DE8}") = "Platforms", "Platforms", "{BBB8672D-7AB4-4445-9CEB-CFF3BD1F898C}"
EndProject
Global
	GlobalSection(SolutionConfigurationPlatforms) = preSolution
		Debug|Any CPU = Debug|Any CPU
		Debug|ARM = Debug|ARM
		Debug|ARM64 = Debug|ARM64
		Debug|x64 = Debug|x64
		Debug|x86 = Debug|x86
		Release|Any CPU = Release|Any CPU
		Release|ARM = Release|ARM
		Release|ARM64 = Release|ARM64
		Release|x64 = Release|x64
		Release|x86 = Release|x86
	EndGlobalSection
	GlobalSection(ProjectConfigurationPlatforms) = postSolution
		{BF672252-F949-40BC-B855-249108D252D9}.Debug|Any CPU.ActiveCfg = Debug|Any CPU
		{BF672252-F949-40BC-B855-249108D252D9}.Debug|Any CPU.Build.0 = Debug|Any CPU
		{BF672252-F949-40BC-B855-249108D252D9}.Debug|ARM.ActiveCfg = Debug|Any CPU
		{BF672252-F949-40BC-B855-249108D252D9}.Debug|ARM.Build.0 = Debug|Any CPU
		{BF672252-F949-40BC-B855-249108D252D9}.Debug|ARM64.ActiveCfg = Debug|Any CPU
		{BF672252-F949-40BC-B855-249108D252D9}.Debug|ARM64.Build.0 = Debug|Any CPU
		{BF672252-F949-40BC-B855-249108D252D9}.Debug|x64.ActiveCfg = Debug|Any CPU
		{BF672252-F949-40BC-B855-249108D252D9}.Debug|x64.Build.0 = Debug|Any CPU
		{BF672252-F949-40BC-B855-249108D252D9}.Debug|x86.ActiveCfg = Debug|Any CPU
		{BF672252-F949-40BC-B855-249108D252D9}.Debug|x86.Build.0 = Debug|Any CPU
		{BF672252-F949-40BC-B855-249108D252D9}.Release|Any CPU.ActiveCfg = Release|Any CPU
		{BF672252-F949-40BC-B855-249108D252D9}.Release|Any CPU.Build.0 = Release|Any CPU
		{BF672252-F949-40BC-B855-249108D252D9}.Release|ARM.ActiveCfg = Release|Any CPU
		{BF672252-F949-40BC-B855-249108D252D9}.Release|ARM.Build.0 = Release|Any CPU
		{BF672252-F949-40BC-B855-249108D252D9}.Release|ARM64.ActiveCfg = Release|Any CPU
		{BF672252-F949-40BC-B855-249108D252D9}.Release|ARM64.Build.0 = Release|Any CPU
		{BF672252-F949-40BC-B855-249108D252D9}.Release|x64.ActiveCfg = Release|Any CPU
		{BF672252-F949-40BC-B855-249108D252D9}.Release|x64.Build.0 = Release|Any CPU
		{BF672252-F949-40BC-B855-249108D252D9}.Release|x86.ActiveCfg = Release|Any CPU
		{BF672252-F949-40BC-B855-249108D252D9}.Release|x86.Build.0 = Release|Any CPU
		{F387538F-8F43-430A-9E1D-1D6BF93490B7}.Debug|Any CPU.ActiveCfg = Debug|Any CPU
		{F387538F-8F43-430A-9E1D-1D6BF93490B7}.Debug|Any CPU.Build.0 = Debug|Any CPU
		{F387538F-8F43-430A-9E1D-1D6BF93490B7}.Debug|ARM.ActiveCfg = Debug|Any CPU
		{F387538F-8F43-430A-9E1D-1D6BF93490B7}.Debug|ARM.Build.0 = Debug|Any CPU
		{F387538F-8F43-430A-9E1D-1D6BF93490B7}.Debug|ARM64.ActiveCfg = Debug|Any CPU
		{F387538F-8F43-430A-9E1D-1D6BF93490B7}.Debug|ARM64.Build.0 = Debug|Any CPU
		{F387538F-8F43-430A-9E1D-1D6BF93490B7}.Debug|x64.ActiveCfg = Debug|Any CPU
		{F387538F-8F43-430A-9E1D-1D6BF93490B7}.Debug|x64.Build.0 = Debug|Any CPU
		{F387538F-8F43-430A-9E1D-1D6BF93490B7}.Debug|x86.ActiveCfg = Debug|Any CPU
		{F387538F-8F43-430A-9E1D-1D6BF93490B7}.Debug|x86.Build.0 = Debug|Any CPU
		{F387538F-8F43-430A-9E1D-1D6BF93490B7}.Release|Any CPU.ActiveCfg = Release|Any CPU
		{F387538F-8F43-430A-9E1D-1D6BF93490B7}.Release|Any CPU.Build.0 = Release|Any CPU
		{F387538F-8F43-430A-9E1D-1D6BF93490B7}.Release|ARM.ActiveCfg = Release|Any CPU
		{F387538F-8F43-430A-9E1D-1D6BF93490B7}.Release|ARM.Build.0 = Release|Any CPU
		{F387538F-8F43-430A-9E1D-1D6BF93490B7}.Release|ARM64.ActiveCfg = Release|Any CPU
		{F387538F-8F43-430A-9E1D-1D6BF93490B7}.Release|ARM64.Build.0 = Release|Any CPU
		{F387538F-8F43-430A-9E1D-1D6BF93490B7}.Release|x64.ActiveCfg = Release|Any CPU
		{F387538F-8F43-430A-9E1D-1D6BF93490B7}.Release|x64.Build.0 = Release|Any CPU
		{F387538F-8F43-430A-9E1D-1D6BF93490B7}.Release|x86.ActiveCfg = Release|Any CPU
		{F387538F-8F43-430A-9E1D-1D6BF93490B7}.Release|x86.Build.0 = Release|Any CPU
		{8809C52C-F0B8-4D66-9CAA-0442B243F4EA}.Debug|Any CPU.ActiveCfg = Debug|Any CPU
		{8809C52C-F0B8-4D66-9CAA-0442B243F4EA}.Debug|Any CPU.Build.0 = Debug|Any CPU
		{8809C52C-F0B8-4D66-9CAA-0442B243F4EA}.Debug|ARM.ActiveCfg = Debug|Any CPU
		{8809C52C-F0B8-4D66-9CAA-0442B243F4EA}.Debug|ARM.Build.0 = Debug|Any CPU
		{8809C52C-F0B8-4D66-9CAA-0442B243F4EA}.Debug|ARM64.ActiveCfg = Debug|Any CPU
		{8809C52C-F0B8-4D66-9CAA-0442B243F4EA}.Debug|ARM64.Build.0 = Debug|Any CPU
		{8809C52C-F0B8-4D66-9CAA-0442B243F4EA}.Debug|x64.ActiveCfg = Debug|Any CPU
		{8809C52C-F0B8-4D66-9CAA-0442B243F4EA}.Debug|x64.Build.0 = Debug|Any CPU
		{8809C52C-F0B8-4D66-9CAA-0442B243F4EA}.Debug|x86.ActiveCfg = Debug|Any CPU
		{8809C52C-F0B8-4D66-9CAA-0442B243F4EA}.Debug|x86.Build.0 = Debug|Any CPU
		{8809C52C-F0B8-4D66-9CAA-0442B243F4EA}.Release|Any CPU.ActiveCfg = Release|Any CPU
		{8809C52C-F0B8-4D66-9CAA-0442B243F4EA}.Release|Any CPU.Build.0 = Release|Any CPU
		{8809C52C-F0B8-4D66-9CAA-0442B243F4EA}.Release|ARM.ActiveCfg = Release|Any CPU
		{8809C52C-F0B8-4D66-9CAA-0442B243F4EA}.Release|ARM.Build.0 = Release|Any CPU
		{8809C52C-F0B8-4D66-9CAA-0442B243F4EA}.Release|ARM64.ActiveCfg = Release|Any CPU
		{8809C52C-F0B8-4D66-9CAA-0442B243F4EA}.Release|ARM64.Build.0 = Release|Any CPU
		{8809C52C-F0B8-4D66-9CAA-0442B243F4EA}.Release|x64.ActiveCfg = Release|Any CPU
		{8809C52C-F0B8-4D66-9CAA-0442B243F4EA}.Release|x64.Build.0 = Release|Any CPU
		{8809C52C-F0B8-4D66-9CAA-0442B243F4EA}.Release|x86.ActiveCfg = Release|Any CPU
		{8809C52C-F0B8-4D66-9CAA-0442B243F4EA}.Release|x86.Build.0 = Release|Any CPU
		{AD7718D0-5C74-42F8-AB4C-49CDB8C7BF66}.Debug|Any CPU.ActiveCfg = Debug|x86
		{AD7718D0-5C74-42F8-AB4C-49CDB8C7BF66}.Debug|Any CPU.Build.0 = Debug|x86
		{AD7718D0-5C74-42F8-AB4C-49CDB8C7BF66}.Debug|ARM.ActiveCfg = Debug|ARM
		{AD7718D0-5C74-42F8-AB4C-49CDB8C7BF66}.Debug|ARM.Build.0 = Debug|ARM
		{AD7718D0-5C74-42F8-AB4C-49CDB8C7BF66}.Debug|ARM64.ActiveCfg = Debug|ARM64
		{AD7718D0-5C74-42F8-AB4C-49CDB8C7BF66}.Debug|ARM64.Build.0 = Debug|ARM64
		{AD7718D0-5C74-42F8-AB4C-49CDB8C7BF66}.Debug|x64.ActiveCfg = Debug|x64
		{AD7718D0-5C74-42F8-AB4C-49CDB8C7BF66}.Debug|x64.Build.0 = Debug|x64
		{AD7718D0-5C74-42F8-AB4C-49CDB8C7BF66}.Debug|x86.ActiveCfg = Debug|x86
		{AD7718D0-5C74-42F8-AB4C-49CDB8C7BF66}.Debug|x86.Build.0 = Debug|x86
		{AD7718D0-5C74-42F8-AB4C-49CDB8C7BF66}.Release|Any CPU.ActiveCfg = Release|x86
		{AD7718D0-5C74-42F8-AB4C-49CDB8C7BF66}.Release|Any CPU.Build.0 = Release|x86
		{AD7718D0-5C74-42F8-AB4C-49CDB8C7BF66}.Release|ARM.ActiveCfg = Release|ARM
		{AD7718D0-5C74-42F8-AB4C-49CDB8C7BF66}.Release|ARM.Build.0 = Release|ARM
		{AD7718D0-5C74-42F8-AB4C-49CDB8C7BF66}.Release|ARM64.ActiveCfg = Release|ARM64
		{AD7718D0-5C74-42F8-AB4C-49CDB8C7BF66}.Release|ARM64.Build.0 = Release|ARM64
		{AD7718D0-5C74-42F8-AB4C-49CDB8C7BF66}.Release|x64.ActiveCfg = Release|x64
		{AD7718D0-5C74-42F8-AB4C-49CDB8C7BF66}.Release|x64.Build.0 = Release|x64
		{AD7718D0-5C74-42F8-AB4C-49CDB8C7BF66}.Release|x86.ActiveCfg = Release|x86
		{AD7718D0-5C74-42F8-AB4C-49CDB8C7BF66}.Release|x86.Build.0 = Release|x86
		{BA91C517-A860-459C-BC74-77106A9B8324}.Debug|Any CPU.ActiveCfg = Debug|Any CPU
		{BA91C517-A860-459C-BC74-77106A9B8324}.Debug|Any CPU.Build.0 = Debug|Any CPU
		{BA91C517-A860-459C-BC74-77106A9B8324}.Debug|ARM.ActiveCfg = Debug|Any CPU
		{BA91C517-A860-459C-BC74-77106A9B8324}.Debug|ARM.Build.0 = Debug|Any CPU
		{BA91C517-A860-459C-BC74-77106A9B8324}.Debug|ARM64.ActiveCfg = Debug|Any CPU
		{BA91C517-A860-459C-BC74-77106A9B8324}.Debug|ARM64.Build.0 = Debug|Any CPU
		{BA91C517-A860-459C-BC74-77106A9B8324}.Debug|x64.ActiveCfg = Debug|Any CPU
		{BA91C517-A860-459C-BC74-77106A9B8324}.Debug|x64.Build.0 = Debug|Any CPU
		{BA91C517-A860-459C-BC74-77106A9B8324}.Debug|x86.ActiveCfg = Debug|Any CPU
		{BA91C517-A860-459C-BC74-77106A9B8324}.Debug|x86.Build.0 = Debug|Any CPU
		{BA91C517-A860-459C-BC74-77106A9B8324}.Release|Any CPU.ActiveCfg = Release|Any CPU
		{BA91C517-A860-459C-BC74-77106A9B8324}.Release|Any CPU.Build.0 = Release|Any CPU
		{BA91C517-A860-459C-BC74-77106A9B8324}.Release|ARM.ActiveCfg = Release|Any CPU
		{BA91C517-A860-459C-BC74-77106A9B8324}.Release|ARM.Build.0 = Release|Any CPU
		{BA91C517-A860-459C-BC74-77106A9B8324}.Release|ARM64.ActiveCfg = Release|Any CPU
		{BA91C517-A860-459C-BC74-77106A9B8324}.Release|ARM64.Build.0 = Release|Any CPU
		{BA91C517-A860-459C-BC74-77106A9B8324}.Release|x64.ActiveCfg = Release|Any CPU
		{BA91C517-A860-459C-BC74-77106A9B8324}.Release|x64.Build.0 = Release|Any CPU
		{BA91C517-A860-459C-BC74-77106A9B8324}.Release|x86.ActiveCfg = Release|Any CPU
		{BA91C517-A860-459C-BC74-77106A9B8324}.Release|x86.Build.0 = Release|Any CPU
		{0B9974CB-C1EF-4B7C-9F5C-59AE4F455BAB}.Debug|Any CPU.ActiveCfg = Debug|x86
		{0B9974CB-C1EF-4B7C-9F5C-59AE4F455BAB}.Debug|Any CPU.Build.0 = Debug|x86
		{0B9974CB-C1EF-4B7C-9F5C-59AE4F455BAB}.Debug|ARM.ActiveCfg = Debug|x86
		{0B9974CB-C1EF-4B7C-9F5C-59AE4F455BAB}.Debug|ARM.Build.0 = Debug|x86
		{0B9974CB-C1EF-4B7C-9F5C-59AE4F455BAB}.Debug|ARM64.ActiveCfg = Debug|x86
		{0B9974CB-C1EF-4B7C-9F5C-59AE4F455BAB}.Debug|ARM64.Build.0 = Debug|x86
		{0B9974CB-C1EF-4B7C-9F5C-59AE4F455BAB}.Debug|x64.ActiveCfg = Debug|x64
		{0B9974CB-C1EF-4B7C-9F5C-59AE4F455BAB}.Debug|x64.Build.0 = Debug|x64
		{0B9974CB-C1EF-4B7C-9F5C-59AE4F455BAB}.Debug|x86.ActiveCfg = Debug|x86
		{0B9974CB-C1EF-4B7C-9F5C-59AE4F455BAB}.Debug|x86.Build.0 = Debug|x86
		{0B9974CB-C1EF-4B7C-9F5C-59AE4F455BAB}.Release|Any CPU.ActiveCfg = Release|x86
		{0B9974CB-C1EF-4B7C-9F5C-59AE4F455BAB}.Release|Any CPU.Build.0 = Release|x86
		{0B9974CB-C1EF-4B7C-9F5C-59AE4F455BAB}.Release|ARM.ActiveCfg = Release|x86
		{0B9974CB-C1EF-4B7C-9F5C-59AE4F455BAB}.Release|ARM.Build.0 = Release|x86
		{0B9974CB-C1EF-4B7C-9F5C-59AE4F455BAB}.Release|ARM64.ActiveCfg = Release|x86
		{0B9974CB-C1EF-4B7C-9F5C-59AE4F455BAB}.Release|ARM64.Build.0 = Release|x86
		{0B9974CB-C1EF-4B7C-9F5C-59AE4F455BAB}.Release|x64.ActiveCfg = Release|x64
		{0B9974CB-C1EF-4B7C-9F5C-59AE4F455BAB}.Release|x64.Build.0 = Release|x64
		{0B9974CB-C1EF-4B7C-9F5C-59AE4F455BAB}.Release|x86.ActiveCfg = Release|x86
		{0B9974CB-C1EF-4B7C-9F5C-59AE4F455BAB}.Release|x86.Build.0 = Release|x86
	EndGlobalSection
	GlobalSection(SolutionProperties) = preSolution
		HideSolutionNode = FALSE
	EndGlobalSection
	GlobalSection(ExtensibilityGlobals) = postSolution
		SolutionGuid = {71BE38C2-3B0D-4BDA-8FCF-5905AAB0E4F1}
	EndGlobalSection
	GlobalSection(NestedProjects) = preSolution
		{F387538F-8F43-430A-9E1D-1D6BF93490B7} = {BBB8672D-7AB4-4445-9CEB-CFF3BD1F898C}
		{8809C52C-F0B8-4D66-9CAA-0442B243F4EA} = {BBB8672D-7AB4-4445-9CEB-CFF3BD1F898C}
		{AD7718D0-5C74-42F8-AB4C-49CDB8C7BF66} = {BBB8672D-7AB4-4445-9CEB-CFF3BD1F898C}
		{BA91C517-A860-459C-BC74-77106A9B8324} = {BBB8672D-7AB4-4445-9CEB-CFF3BD1F898C}
		{0B9974CB-C1EF-4B7C-9F5C-59AE4F455BAB} = {BBB8672D-7AB4-4445-9CEB-CFF3BD1F898C}
	EndGlobalSection
EndGlobal
